{
    "_meta": {
        "hash": {
            "sha256": "264e810fe583d5411d905443887d827e158ab5851a9ada287011df02869763f1"
        },
        "pipfile-spec": 6,
        "requires": {},
        "sources": [
            {
                "name": "pypi",
                "url": "https://pypi.org/simple",
                "verify_ssl": true
            }
        ]
    },
    "default": {
        "beautifulsoup4": {
            "hashes": [
                "sha256:5279c36b4b2ec2cb4298d723791467e3000e5384a43ea0cdf5d45207c7e97169",
                "sha256:6135db2ba678168c07950f9a16c4031822c6f4aec75a65e0a97bc5ca09789931",
                "sha256:dcdef580e18a76d54002088602eba453eec38ebbcafafeaabd8cab12b6155d57"
            ],
            "version": "==4.8.1"
        },
        "bs4": {
            "hashes": [
                "sha256:36ecea1fd7cc5c0c6e4a1ff075df26d50da647b75376626cc186e2212886dd3a"
            ],
            "index": "pypi",
            "version": "==0.0.1"
        },
        "certifi": {
            "hashes": [
                "sha256:e4f3620cfea4f83eedc95b24abd9cd56f3c4b146dd0177e83a21b4eb49e21e50",
                "sha256:fd7c7c74727ddcf00e9acd26bba8da604ffec95bf1c2144e67aff7a8b50e6cef"
            ],
            "version": "==2019.9.11"
        },
        "chardet": {
            "hashes": [
                "sha256:84ab92ed1c4d4f16916e05906b6b75a6c0fb5db821cc65e70cbd64a3e2a5eaae",
                "sha256:fc323ffcaeaed0e0a02bf4d117757b98aed530d9ed4531e3e15460124c106691"
            ],
            "version": "==3.0.4"
        },
        "idna": {
            "hashes": [
                "sha256:c357b3f628cf53ae2c4c05627ecc484553142ca23264e593d327bcde5e9c3407",
                "sha256:ea8b7f6188e6fa117537c3df7da9fc686d485087abf6ac197f9c46432f7e4a3c"
            ],
            "version": "==2.8"
        },
        "lxml": {
            "hashes": [
                "sha256:16cf8bac33ec17049617186d63006ba49da7c5be417042877a49f0ef6d7a195d",
                "sha256:18f2d8f14cc61e66e8a45f740d15b6fc683c096f733db1f8d0ee15bcac9843de",
                "sha256:260868f69d14a64dd1de9cf92e133d2f71514d288de4906f109bdf48ca9b756a",
                "sha256:29b8acd8ecdf772266dbac491f203c71664b0b07ad4309ba2c3bb131306332fc",
                "sha256:2b05e5e06f8e8c63595472dc887d0d6e0250af754a35ba690f6a6abf2ef85691",
                "sha256:30d6ec05fb607a5b7345549f642c7c7a5b747b634f6d5e935596b910f243f96f",
                "sha256:3bf683f0237449ebc1851098f664410e3c99ba3faa8c9cc82c6acfe857df1767",
                "sha256:3ce5488121eb15513c4b239dadd67f9e7959511bd766aac6be0c35e80274f298",
                "sha256:48be0c375350a5519bb9474b42a9c0e7ab709fb45f11bfcd33de876791137896",
                "sha256:49bc343ca3b30cd860845433bb9f62448a54ff87b632175108bacbc5dc63e49e",
                "sha256:4cc7531e86a43ea66601763c5914c3d3adb297f32e4284957609b90d41825fca",
                "sha256:4e9822fad564d82035f0b6d701a890444560210f8a8648b8f15850f8fe883cd9",
                "sha256:51a9a441aefc8c93512bad5efe867d2ff086e7249ce0fc3b47c310644b352936",
                "sha256:5bbed9efc8aeb69929140f71a30e655bf496b45b766861513960e1b11168d475",
                "sha256:60a5323b2bc893ca1059d283d6695a172d51cc95a70c25b3e587e1aad5459c38",
                "sha256:7035d9361f3ceec9ccc1dd3482094d1174580e7e1bf6870b77ea758f7cad15d2",
                "sha256:76d62cc048bda0ebf476689ad3eb8e65e6827e43a7521be3b163071020667b8c",
                "sha256:78163b578e6d1836012febaa1865e095ccc7fc826964dd69a2dbfe401618a1f7",
                "sha256:83b58b2b5904d50de03a47e2f56d24e9da4cf7e3b0d66fb4510b18fca0faf910",
                "sha256:a07447e46fffa5bb4d7a0af0a6505c8517e9bd197cfd2aec79e499b6e86cde49",
                "sha256:a17d808b3edca4aaf6b295b5a388c844a0b7f79aca2d79eec5acc1461db739e3",
                "sha256:a378fd61022cf4d3b492134c3bc48204ac2ff19e0813b23e07c3dd95ae8df0bc",
                "sha256:aa7d096a44ae3d475c5ed763e24cf302d32462e78b61bba73ce1ad0efb8f522a",
                "sha256:ade8785c93a985956ba6499d5ea6d0a362e24b4a9ba07dd18920fd67cccf63ea",
                "sha256:cc039668f91d8af8c4094cfb5a67c7ae733967fdc84c0507fe271db81480d367",
                "sha256:d89f1ffe98744c4b5c11f00fb843a4e72f68a6279b5e38168167f1b3c0fdd84c",
                "sha256:e691b6ef6e27437860016bd6c32e481bdc2ed3af03289707a38b9ca422105f40",
                "sha256:e750da6ac3ca624ae3303df448664012f9b6f9dfbc5d50048ea8a12ce2f8bc29",
                "sha256:eca305b200549906ea25648463aeb1b3b220b716415183eaa99c998a846936d9",
                "sha256:f52fe795e08858192eea167290033b5ff24f50f51781cb78d989e8d63cfe73d1"
            ],
            "index": "pypi",
            "version": "==4.2.6"
        },
        "numpy": {
            "hashes": [
                "sha256:0b0dd8f47fb177d00fa6ef2d58783c4f41ad3126b139c91dd2f7c4b3fdf5e9a5",
                "sha256:25ffe71f96878e1da7e014467e19e7db90ae7d4e12affbc73101bcf61785214e",
                "sha256:26efd7f7d755e6ca966a5c0ac5a930a87dbbaab1c51716ac26a38f42ecc9bc4b",
                "sha256:28b1180c758abf34a5c3fea76fcee66a87def1656724c42bb14a6f9717a5bdf7",
                "sha256:2e418f0a59473dac424f888dd57e85f77502a593b207809211c76e5396ae4f5c",
                "sha256:30c84e3a62cfcb9e3066f25226e131451312a044f1fe2040e69ce792cb7de418",
                "sha256:4650d94bb9c947151737ee022b934b7d9a845a7c76e476f3e460f09a0c8c6f39",
                "sha256:4dd830a11e8724c9c9379feed1d1be43113f8bcce55f47ea7186d3946769ce26",
                "sha256:4f2a2b279efde194877aff1f76cf61c68e840db242a5c7169f1ff0fd59a2b1e2",
                "sha256:62d22566b3e3428dfc9ec972014c38ed9a4db4f8969c78f5414012ccd80a149e",
                "sha256:669795516d62f38845c7033679c648903200980d68935baaa17ac5c7ae03ae0c",
                "sha256:75fcd60d682db3e1f8fbe2b8b0c6761937ad56d01c1dc73edf4ef2748d5b6bc4",
                "sha256:9395b0a41e8b7e9a284e3be7060db9d14ad80273841c952c83a5afc241d2bd98",
                "sha256:9e37c35fc4e9410093b04a77d11a34c64bf658565e30df7cbe882056088a91c1",
                "sha256:a0678793096205a4d784bd99f32803ba8100f639cf3b932dc63b21621390ea7e",
                "sha256:b46554ad4dafb2927f88de5a1d207398c5385edbb5c84d30b3ef187c4a3894d8",
                "sha256:c867eeccd934920a800f65c6068acdd6b87e80d45cd8c8beefff783b23cdc462",
                "sha256:dd0667f5be56fb1b570154c2c0516a528e02d50da121bbbb2cbb0b6f87f59bc2",
                "sha256:de2b1c20494bdf47f0160bd88ed05f5e48ae5dc336b8de7cfade71abcc95c0b9",
                "sha256:f1df7b2b7740dd777571c732f98adb5aad5450aee32772f1b39249c8a50386f6",
                "sha256:ffca69e29079f7880c5392bf675eb8b4146479d976ae1924d01cd92b04cccbcc"
            ],
            "version": "==1.17.3"
        },
        "pandas": {
            "hashes": [
                "sha256:11975fad9edbdb55f1a560d96f91830e83e29bed6ad5ebf506abda09818eaf60",
                "sha256:12e13d127ca1b585dd6f6840d3fe3fa6e46c36a6afe2dbc5cb0b57032c902e31",
                "sha256:1c87fcb201e1e06f66e23a61a5fea9eeebfe7204a66d99df24600e3f05168051",
                "sha256:242e9900de758e137304ad4b5663c2eff0d798c2c3b891250bd0bd97144579da",
                "sha256:26c903d0ae1542890cb9abadb4adcb18f356b14c2df46e4ff657ae640e3ac9e7",
                "sha256:2e1e88f9d3e5f107b65b59cd29f141995597b035d17cc5537e58142038942e1a",
                "sha256:31b7a48b344c14691a8e92765d4023f88902ba3e96e2e4d0364d3453cdfd50db",
                "sha256:4fd07a932b4352f8a8973761ab4e84f965bf81cc750fb38e04f01088ab901cb8",
                "sha256:5b24ca47acf69222e82530e89111dd9d14f9b970ab2cd3a1c2c78f0c4fbba4f4",
                "sha256:647b3b916cc8f6aeba240c8171be3ab799c3c1b2ea179a3be0bd2712c4237553",
                "sha256:66b060946046ca27c0e03e9bec9bba3e0b918bafff84c425ca2cc2e157ce121e",
                "sha256:6efa9fa6e1434141df8872d0fa4226fc301b17aacf37429193f9d70b426ea28f",
                "sha256:be4715c9d8367e51dbe6bc6d05e205b1ae234f0dc5465931014aa1c4af44c1ba",
                "sha256:bea90da782d8e945fccfc958585210d23de374fa9294a9481ed2abcef637ebfc",
                "sha256:d318d77ab96f66a59e792a481e2701fba879e1a453aefeebdb17444fe204d1ed",
                "sha256:d785fc08d6f4207437e900ffead930a61e634c5e4f980ba6d3dc03c9581748c7",
                "sha256:de9559287c4fe8da56e8c3878d2374abc19d1ba2b807bfa7553e912a8e5ba87c",
                "sha256:f4f98b190bb918ac0bc0e3dd2ab74ff3573da9f43106f6dba6385406912ec00f",
                "sha256:f71f1a7e2d03758f6e957896ed696254e2bc83110ddbc6942018f1a232dd9dad",
                "sha256:fb944c8f0b0ab5c1f7846c686bc4cdf8cde7224655c12edcd59d5212cd57bec0"
            ],
            "index": "pypi",
            "version": "==0.23.4"
        },
        "python-dateutil": {
            "hashes": [
                "sha256:7e6584c74aeed623791615e26efd690f29817a27c73085b78e4bad02493df2fb",
                "sha256:c89805f6f4d64db21ed966fda138f8a5ed7a4fdbc1a8ee329ce1b74e3c74da9e"
            ],
            "version": "==2.8.0"
        },
        "pytz": {
            "hashes": [
                "sha256:1c557d7d0e871de1f5ccd5833f60fb2550652da6be2693c1e02300743d21500d",
                "sha256:b02c06db6cf09c12dd25137e563b31700d3b80fcc4ad23abb7a315f2789819be"
            ],
            "version": "==2019.3"
        },
        "requests": {
            "hashes": [
                "sha256:502a824f31acdacb3a35b6690b5fbf0bc41d63a24a45c4004352b0242707598e",
                "sha256:7bf2a778576d825600030a110f3c0e3e8edc51dfaafe1c146e39a2027784957b"
            ],
            "index": "pypi",
            "version": "==2.21.0"
        },
        "six": {
            "hashes": [
                "sha256:3350809f0555b11f552448330d0b52d5f24c91a322ea4a15ef22629740f3761c",
                "sha256:d16a0141ec1a18405cd4ce8b4613101da75da0e9a7aec5bdd4fa804d0e0eba73"
            ],
            "version": "==1.12.0"
        },
        "soupsieve": {
            "hashes": [
                "sha256:605f89ad5fdbfefe30cdc293303665eff2d188865d4dbe4eb510bba1edfbfce3",
                "sha256:b91d676b330a0ebd5b21719cb6e9b57c57d433671f65b9c28dd3461d9a1ed0b6"
            ],
            "version": "==1.9.4"
        },
        "tqdm": {
            "hashes": [
                "sha256:3c4d4a5a41ef162dd61f1edb86b0e1c7859054ab656b2e7c7b77e7fbf6d9f392",
                "sha256:5b4d5549984503050883bc126280b386f5f4ca87e6c023c5d015655ad75bdebb"
            ],
            "index": "pypi",
            "version": "==4.28.1"
        },
        "urllib3": {
            "hashes": [
                "sha256:4c291ca23bbb55c76518905869ef34bdd5f0e46af7afe6861e8375643ffee1a0",
                "sha256:9a247273df709c4fedb38c711e44292304f73f39ab01beda9f6b9fc375669ac3"
            ],
            "index": "pypi",
            "version": "==1.24.2"
        }
    },
    "develop": {
        "colorlog": {
            "hashes": [
                "sha256:3cf31b25cbc8f86ec01fef582ef3b840950dea414084ed19ab922c8b493f9b42",
                "sha256:450f52ea2a2b6ebb308f034ea9a9b15cea51e65650593dca1da3eb792e4e4981"
            ],
            "index": "pypi",
            "version": "==4.0.2"
        },
        "yapf": {
            "hashes": [
                "sha256:8aa7f9abdb97b4da4d3227306b88477982daafef0a96cc41639754ca31f46d55",
                "sha256:f2df5891481f94ddadfbf8ae8ae499080752cfb06005a31bbb102f3012f8b944"
            ],
            "index": "pypi",
            "version": "==0.25.0"
        }
    }
}
